
Microsoft Visual Studio Solution File, Format Version 12.00
# Visual Studio 15
VisualStudioVersion = 15.0.27004.2009
MinimumVisualStudioVersion = 10.0.40219.1
Project("{FAE04EC0-301F-11D3-BF4B-00C04F79EFBC}") = "Simple_WPF", "EX_01\Simple_WPF.csproj", "{4D1CAAD0-BA27-4A28-B7AC-5BB80C4C0A76}"
EndProject
Global
	GlobalSection(SolutionConfigurationPlatforms) = preSolution
		Debug|Any CPU = Debug|Any CPU
		Release|Any CPU = Release|Any CPU
	EndGlobalSection
	GlobalSection(ProjectConfigurationPlatforms) = postSolution
		{4D1CAAD0-BA27-4A28-B7AC-5BB80C4C0A76}.Debug|Any CPU.ActiveCfg = Debug|Any CPU
		{4D1CAAD0-BA27-4A28-B7AC-5BB80C4C0A76}.Debug|Any CPU.Build.0 = Debug|Any CPU
		{4D1CAAD0-BA27-4A28-B7AC-5BB80C4C0A76}.Release|Any CPU.ActiveCfg = Release|Any CPU
		{4D1CAAD0-BA27-4A28-B7AC-5BB80C4C0A76}.Release|Any CPU.Build.0 = Release|Any CPU
	EndGlobalSection
	GlobalSection(SolutionProperties) = preSolution
		HideSolutionNode = FALSE
	EndGlobalSection
	GlobalSection(ExtensibilityGlobals) = postSolution
		SolutionGuid = {2088CC8B-7B2D-4F5C-8CF1-4AF62AA772A1}
	EndGlobalSection
EndGlobal
